# This file was autogenerated by Stack.
# You should not edit this file by hand.
# For more information, please see the documentation at:
#   https://docs.haskellstack.org/en/stable/topics/lock_files

packages: []
snapshots:
- completed:
    sha256: b409b328286978de8e84b2a69fcd18030012ddfde94af5d635578e42b01d9a27
    size: 738341
    url: https://raw.githubusercontent.com/commercialhaskell/stackage-snapshots/master/nightly/2026/4/16.yaml
  original: nightly-2026-04-16
