# This file was autogenerated by Stack.
# You should not edit this file by hand.
# For more information, please see the documentation at:
#   https://docs.haskellstack.org/en/stable/topics/lock_files

packages: []
snapshots:
- completed:
    sha256: 624dc86546207bcf970522795cb2344c36c06a7d94b9cb533c825d8d84ff9161
    size: 712617
    url: https://raw.githubusercontent.com/commercialhaskell/stackage-snapshots/master/nightly/2025/12/10.yaml
  original: nightly-2025-12-10
